
Microsoft Visual Studio Solution File, Format Version 12.00
# Visual Studio 14
VisualStudioVersion = 14.0.25420.1
MinimumVisualStudioVersion = 10.0.40219.1
Project("{2150E333-8FDC-42A3-9474-1A3956D46DE8}") = "Tests", "Tests", "{7C42CBDF-0912-4DB4-8E41-FF84AE68D3C9}"
EndProject
Project("{2150E333-8FDC-42A3-9474-1A3956D46DE8}") = "Solution Items", "Solution Items", "{6380BEE9-A734-4EA2-867E-4D5D3FC2AC9C}"
	ProjectSection(SolutionItems) = preProject
		global.json = global.json
	EndProjectSection
EndProject
Project("{2150E333-8FDC-42A3-9474-1A3956D46DE8}") = "src", "src", "{0F7849C6-DC80-4F04-B8BF-11A88D837C9F}"
EndProject
Project("{8BB2217D-0F2D-49D1-97BC-3654ED321F3B}") = "Neutrino", "src\Neutrino\Neutrino.xproj", "{850FE3A5-ADB6-4488-AB95-50587CD4CDFE}"
EndProject
Project("{8BB2217D-0F2D-49D1-97BC-3654ED321F3B}") = "Neutrino.Sample.Cmd", "tests\Neutrino.Sample.Cmd\Neutrino.Sample.Cmd.xproj", "{7AD906D7-515B-4354-9CDE-357F64D9B411}"
EndProject
Project("{8BB2217D-0F2D-49D1-97BC-3654ED321F3B}") = "Neutrino.Tests", "Tests\Neutrino.Tests\Neutrino.Tests.xproj", "{A14B0DAE-0E4A-4AC3-B85F-C1D56929B0ED}"
EndProject
Project("{8BB2217D-0F2D-49D1-97BC-3654ED321F3B}") = "Neutrino.Api", "src\Neutrino.Api\Neutrino.Api.xproj", "{5A58C562-393D-4C99-B945-F6E6EAC5B702}"
EndProject
Project("{8BB2217D-0F2D-49D1-97BC-3654ED321F3B}") = "Neutrino.Client", "src\Neutrino.Client\Neutrino.Client.xproj", "{2AD3395F-6C8E-4C91-973D-59CBE5F15D93}"
EndProject
Project("{8BB2217D-0F2D-49D1-97BC-3654ED321F3B}") = "Neutrino.Client.Tests", "Tests\Neutrino.Client.Tests\Neutrino.Client.Tests.xproj", "{3479EBF5-EB57-423D-9F13-BAAA5CC5A21F}"
EndProject
Global
	GlobalSection(SolutionConfigurationPlatforms) = preSolution
		Debug|Any CPU = Debug|Any CPU
		Release|Any CPU = Release|Any CPU
	EndGlobalSection
	GlobalSection(ProjectConfigurationPlatforms) = postSolution
		{850FE3A5-ADB6-4488-AB95-50587CD4CDFE}.Debug|Any CPU.ActiveCfg = Debug|Any CPU
		{850FE3A5-ADB6-4488-AB95-50587CD4CDFE}.Debug|Any CPU.Build.0 = Debug|Any CPU
		{850FE3A5-ADB6-4488-AB95-50587CD4CDFE}.Release|Any CPU.ActiveCfg = Release|Any CPU
		{850FE3A5-ADB6-4488-AB95-50587CD4CDFE}.Release|Any CPU.Build.0 = Release|Any CPU
		{7AD906D7-515B-4354-9CDE-357F64D9B411}.Debug|Any CPU.ActiveCfg = Debug|Any CPU
		{7AD906D7-515B-4354-9CDE-357F64D9B411}.Debug|Any CPU.Build.0 = Debug|Any CPU
		{7AD906D7-515B-4354-9CDE-357F64D9B411}.Release|Any CPU.ActiveCfg = Release|Any CPU
		{7AD906D7-515B-4354-9CDE-357F64D9B411}.Release|Any CPU.Build.0 = Release|Any CPU
		{A14B0DAE-0E4A-4AC3-B85F-C1D56929B0ED}.Debug|Any CPU.ActiveCfg = Debug|Any CPU
		{A14B0DAE-0E4A-4AC3-B85F-C1D56929B0ED}.Debug|Any CPU.Build.0 = Debug|Any CPU
		{A14B0DAE-0E4A-4AC3-B85F-C1D56929B0ED}.Release|Any CPU.ActiveCfg = Release|Any CPU
		{A14B0DAE-0E4A-4AC3-B85F-C1D56929B0ED}.Release|Any CPU.Build.0 = Release|Any CPU
		{5A58C562-393D-4C99-B945-F6E6EAC5B702}.Debug|Any CPU.ActiveCfg = Debug|Any CPU
		{5A58C562-393D-4C99-B945-F6E6EAC5B702}.Debug|Any CPU.Build.0 = Debug|Any CPU
		{5A58C562-393D-4C99-B945-F6E6EAC5B702}.Release|Any CPU.ActiveCfg = Release|Any CPU
		{5A58C562-393D-4C99-B945-F6E6EAC5B702}.Release|Any CPU.Build.0 = Release|Any CPU
		{2AD3395F-6C8E-4C91-973D-59CBE5F15D93}.Debug|Any CPU.ActiveCfg = Debug|Any CPU
		{2AD3395F-6C8E-4C91-973D-59CBE5F15D93}.Debug|Any CPU.Build.0 = Debug|Any CPU
		{2AD3395F-6C8E-4C91-973D-59CBE5F15D93}.Release|Any CPU.ActiveCfg = Release|Any CPU
		{2AD3395F-6C8E-4C91-973D-59CBE5F15D93}.Release|Any CPU.Build.0 = Release|Any CPU
		{3479EBF5-EB57-423D-9F13-BAAA5CC5A21F}.Debug|Any CPU.ActiveCfg = Debug|Any CPU
		{3479EBF5-EB57-423D-9F13-BAAA5CC5A21F}.Debug|Any CPU.Build.0 = Debug|Any CPU
		{3479EBF5-EB57-423D-9F13-BAAA5CC5A21F}.Release|Any CPU.ActiveCfg = Release|Any CPU
		{3479EBF5-EB57-423D-9F13-BAAA5CC5A21F}.Release|Any CPU.Build.0 = Release|Any CPU
	EndGlobalSection
	GlobalSection(SolutionProperties) = preSolution
		HideSolutionNode = FALSE
	EndGlobalSection
	GlobalSection(NestedProjects) = preSolution
		{850FE3A5-ADB6-4488-AB95-50587CD4CDFE} = {0F7849C6-DC80-4F04-B8BF-11A88D837C9F}
		{7AD906D7-515B-4354-9CDE-357F64D9B411} = {7C42CBDF-0912-4DB4-8E41-FF84AE68D3C9}
		{A14B0DAE-0E4A-4AC3-B85F-C1D56929B0ED} = {7C42CBDF-0912-4DB4-8E41-FF84AE68D3C9}
		{5A58C562-393D-4C99-B945-F6E6EAC5B702} = {0F7849C6-DC80-4F04-B8BF-11A88D837C9F}
		{2AD3395F-6C8E-4C91-973D-59CBE5F15D93} = {0F7849C6-DC80-4F04-B8BF-11A88D837C9F}
		{3479EBF5-EB57-423D-9F13-BAAA5CC5A21F} = {7C42CBDF-0912-4DB4-8E41-FF84AE68D3C9}
	EndGlobalSection
EndGlobal
